
Microsoft Visual Studio Solution File, Format Version 12.00
# Visual Studio 15
VisualStudioVersion = 15.0.28010.2003
MinimumVisualStudioVersion = 10.0.40219.1
Project("{FAE04EC0-301F-11D3-BF4B-00C04F79EFBC}") = "YouTubson", "YouTubson.csproj", "{01C79A31-76F0-4288-BE94-F57A08F0CE45}"
EndProject
Global
	GlobalSection(SolutionConfigurationPlatforms) = preSolution
		Debug|Any CPU = Debug|Any CPU
		Release|Any CPU = Release|Any CPU
	EndGlobalSection
	GlobalSection(ProjectConfigurationPlatforms) = postSolution
		{01C79A31-76F0-4288-BE94-F57A08F0CE45}.Debug|Any CPU.ActiveCfg = Debug|Any CPU
		{01C79A31-76F0-4288-BE94-F57A08F0CE45}.Debug|Any CPU.Build.0 = Debug|Any CPU
		{01C79A31-76F0-4288-BE94-F57A08F0CE45}.Release|Any CPU.ActiveCfg = Release|Any CPU
		{01C79A31-76F0-4288-BE94-F57A08F0CE45}.Release|Any CPU.Build.0 = Release|Any CPU
	EndGlobalSection
	GlobalSection(SolutionProperties) = preSolution
		HideSolutionNode = FALSE
	EndGlobalSection
	GlobalSection(ExtensibilityGlobals) = postSolution
		SolutionGuid = {81EF2F25-C078-4C2A-B3EB-DD245BA409B1}
	EndGlobalSection
EndGlobal
